// !$*UTF8*$!
{
	archiveVersion = 1;
	classes = {
	};
	objectVersion = 46;
	objects = {

/* Begin PBXBuildFile section */
		01BD27E11C1E7A0E00278776 /* AppDelegate.swift in Sources */ = {isa = PBXBuildFile; fileRef = 01BD27E01C1E7A0E00278776 /* AppDelegate.swift */; };
		01BD27E31C1E7A0E00278776 /* ViewController.swift in Sources */ = {isa = PBXBuildFile; fileRef = 01BD27E21C1E7A0E00278776 /* ViewController.swift */; };
		01BD27E61C1E7A0E00278776 /* Main.storyboard in Resources */ = {isa = PBXBuildFile; fileRef = 01BD27E41C1E7A0E00278776 /* Main.storyboard */; };
		01BD27E81C1E7A0E00278776 /* Assets.xcassets in Resources */ = {isa = PBXBuildFile; fileRef = 01BD27E71C1E7A0E00278776 /* Assets.xcassets */; };
		01BD27EB1C1E7A0E00278776 /* LaunchScreen.storyboard in Resources */ = {isa = PBXBuildFile; fileRef = 01BD27E91C1E7A0E00278776 /* LaunchScreen.storyboard */; };
/* End PBXBuildFile section */

/* Begin PBXFileReference section */
		01BD27DD1C1E7A0E00278776 /* juegodememoria.app */ = {isa = PBXFileReference; explicitFileType = wrapper.application; includeInIndex = 0; path = juegodememoria.app; sourceTree = BUILT_PRODUCTS_DIR; };
		01BD27E01C1E7A0E00278776 /* AppDelegate.swift */ = {isa = PBXFileReference; lastKnownFileType = sourcecode.swift; path = AppDelegate.swift; sourceTree = "<group>"; };
		01BD27E21C1E7A0E00278776 /* ViewController.swift */ = {isa = PBXFileReference; lastKnownFileType = sourcecode.swift; path = ViewController.swift; sourceTree = "<group>"; };
		01BD27E51C1E7A0E00278776 /* Base */ = {isa = PBXFileReference; lastKnownFileType = file.storyboard; name = Base; path = Base.lproj/Main.storyboard; sourceTree = "<group>"; };
		01BD27E71C1E7A0E00278776 /* Assets.xcassets */ = {isa = PBXFileReference; lastKnownFileType = folder.assetcatalog; path = Assets.xcassets; sourceTree = "<group>"; };
		01BD27EA1C1E7A0E00278776 /* Base */ = {isa = PBXFileReference; lastKnownFileType = file.storyboard; name = Base; path = Base.lproj/LaunchScreen.storyboard; sourceTree = "<group>"; };
		01BD27EC1C1E7A0E00278776 /* Info.plist */ = {isa = PBXFileReference; lastKnownFileType = text.plist.xml; path = Info.plist; sourceTree = "<group>"; };
/* End PBXFileReference section */

/* Begin PBXFrameworksBuildPhase section */
		01BD27DA1C1E7A0E00278776 /* Frameworks */ = {
			isa = PBXFrameworksBuildPhase;
			buildActionMask = 2147483647;
			files = (
			);
			runOnlyForDeploymentPostprocessing = 0;
		};
/* End PBXFrameworksBuildPhase section */

/* Begin PBXGroup section */
		01BD27D41C1E7A0E00278776 = {
			isa = PBXGroup;
			children = (
				01BD27DF1C1E7A0E00278776 /* juegodememoria */,
				01BD27DE1C1E7A0E00278776 /* Products */,
			);
			sourceTree = "<group>";
		};
		01BD27DE1C1E7A0E00278776 /* Products */ = {
			isa = PBXGroup;
			children = (
				01BD27DD1C1E7A0E00278776 /* juegodememoria.app */,
			);
			name = Products;
			sourceTree = "<group>";
		};
		01BD27DF1C1E7A0E00278776 /* juegodememoria */ = {
			isa = PBXGroup;
			children = (
				01BD27E01C1E7A0E00278776 /* AppDelegate.swift */,
				01BD27E21C1E7A0E00278776 /* ViewController.swift */,
				01BD27E41C1E7A0E00278776 /* Main.storyboard */,
				01BD27E71C1E7A0E00278776 /* Assets.xcassets */,
				01BD27E91C1E7A0E00278776 /* LaunchScreen.storyboard */,
				01BD27EC1C1E7A0E00278776 /* Info.plist */,
			);
			path = juegodememoria;
			sourceTree = "<group>";
		};
/* End PBXGroup section */

/* Begin PBXNativeTarget section */
		01BD27DC1C1E7A0E00278776 /* juegodememoria */ = {
			isa = PBXNativeTarget;
			buildConfigurationList = 01BD27EF1C1E7A0E00278776 /* Build configuration list for PBXNativeTarget "juegodememoria" */;
			buildPhases = (
				01BD27D91C1E7A0E00278776 /* Sources */,
				01BD27DA1C1E7A0E00278776 /* Frameworks */,
				01BD27DB1C1E7A0E00278776 /* Resources */,
			);
			buildRules = (
			);
			dependencies = (
			);
			name = juegodememoria;
			productName = juegodememoria;
			productReference = 01BD27DD1C1E7A0E00278776 /* juegodememoria.app */;
			productType = "com.apple.product-type.application";
		};
/* End PBXNativeTarget section */

/* Begin PBXProject section */
		01BD27D51C1E7A0E00278776 /* Project object */ = {
			isa = PBXProject;
			attributes = {
				LastSwiftUpdateCheck = 0720;
				LastUpgradeCheck = 0720;
				ORGANIZATIONNAME = "Jonathan Aguilar Villegas";
				TargetAttributes = {
					01BD27DC1C1E7A0E00278776 = {
						CreatedOnToolsVersion = 7.2;
					};
				};
			};
			buildConfigurationList = 01BD27D81C1E7A0E00278776 /* Build configuration list for PBXProject "juegodememoria" */;
			compatibilityVersion = "Xcode 3.2";
			developmentRegion = English;
			hasScannedForEncodings = 0;
			knownRegions = (
				en,
				Base,
			);
			mainGroup = 01BD27D41C1E7A0E00278776;
			productRefGroup = 01BD27DE1C1E7A0E00278776 /* Products */;
			projectDirPath = "";
			projectRoot = "";
			targets = (
				01BD27DC1C1E7A0E00278776 /* juegodememoria */,
			);
		};
/* End PBXProject section */

/* Begin PBXResourcesBuildPhase section */
		01BD27DB1C1E7A0E00278776 /* Resources */ = {
			isa = PBXResourcesBuildPhase;
			buildActionMask = 2147483647;
			files = (
				01BD27EB1C1E7A0E00278776 /* LaunchScreen.storyboard in Resources */,
				01BD27E81C1E7A0E00278776 /* Assets.xcassets in Resources */,
				01BD27E61C1E7A0E00278776 /* Main.storyboard in Resources */,
			);
			runOnlyForDeploymentPostprocessing = 0;
		};
/* End PBXResourcesBuildPhase section */

/* Begin PBXSourcesBuildPhase section */
		01BD27D91C1E7A0E00278776 /* Sources */ = {
			isa = PBXSourcesBuildPhase;
			buildActionMask = 2147483647;
			files = (
				01BD27E31C1E7A0E00278776 /* ViewController.swift in Sources */,
				01BD27E11C1E7A0E00278776 /* AppDelegate.swift in Sources */,
			);
			runOnlyForDeploymentPostprocessing = 0;
		};
/* End PBXSourcesBuildPhase section */

/* Begin PBXVariantGroup section */
		01BD27E41C1E7A0E00278776 /* Main.storyboard */ = {
			isa = PBXVariantGroup;
			children = (
				01BD27E51C1E7A0E00278776 /* Base */,
			);
			name = Main.storyboard;
			sourceTree = "<group>";
		};
		01BD27E91C1E7A0E00278776 /* LaunchScreen.storyboard */ = {
			isa = PBXVariantGroup;
			children = (
				01BD27EA1C1E7A0E00278776 /* Base */,
			);
			name = LaunchScreen.storyboard;
			sourceTree = "<group>";
		};
/* End PBXVariantGroup section */

/* Begin XCBuildConfiguration section */
		01BD27ED1C1E7A0E00278776 /* Debug */ = {
			isa = XCBuildConfiguration;
			buildSettings = {
				ALWAYS_SEARCH_USER_PATHS = NO;
				CLANG_CXX_LANGUAGE_STANDARD = "gnu++0x";
				CLANG_CXX_LIBRARY = "libc++";
				CLANG_ENABLE_MODULES = YES;
				CLANG_ENABLE_OBJC_ARC = YES;
				CLANG_WARN_BOOL_CONVERSION = YES;
				CLANG_WARN_CONSTANT_CONVERSION = YES;
				CLANG_WARN_DIRECT_OBJC_ISA_USAGE = YES_ERROR;
				CLANG_WARN_EMPTY_BODY = YES;
				CLANG_WARN_ENUM_CONVERSION = YES;
				CLANG_WARN_INT_CONVERSION = YES;
				CLANG_WARN_OBJC_ROOT_CLASS = YES_ERROR;
				CLANG_WARN_UNREACHABLE_CODE = YES;
				CLANG_WARN__DUPLICATE_METHOD_MATCH = YES;
				"CODE_SIGN_IDENTITY[sdk=iphoneos*]" = "iPhone Developer";
				COPY_PHASE_STRIP = NO;
				DEBUG_INFORMATION_FORMAT = dwarf;
				ENABLE_STRICT_OBJC_MSGSEND = YES;
				ENABLE_TESTABILITY = YES;
				GCC_C_LANGUAGE_STANDARD = gnu99;
				GCC_DYNAMIC_NO_PIC = NO;
				GCC_NO_COMMON_BLOCKS = YES;
				GCC_OPTIMIZATION_LEVEL = 0;
				GCC_PREPROCESSOR_DEFINITIONS = (
					"DEBUG=1",
					"$(inherited)",
				);
				GCC_WARN_64_TO_32_BIT_CONVERSION = YES;
				GCC_WARN_ABOUT_RETURN_TYPE = YES_ERROR;
				GCC_WARN_UNDECLARED_SELECTOR = YES;
				GCC_WARN_UNINITIALIZED_AUTOS = YES_AGGRESSIVE;
				GCC_WARN_UNUSED_FUNCTION = YES;
				GCC_WARN_UNUSED_VARIABLE = YES;
				IPHONEOS_DEPLOYMENT_TARGET = 9.2;
				MTL_ENABLE_DEBUG_INFO = YES;
				ONLY_ACTIVE_ARCH = YES;
				SDKROOT = iphoneos;
				SWIFT_OPTIMIZATION_LEVEL = "-Onone";
			};
			name = Debug;
		};
		01BD27EE1C1E7A0E00278776 /* Release */ = {
			isa = XCBuildConfiguration;
			buildSettings = {
				ALWAYS_SEARCH_USER_PATHS = NO;
				CLANG_CXX_LANGUAGE_STANDARD = "gnu++0x";
				CLANG_CXX_LIBRARY = "libc++";
				CLANG_ENABLE_MODULES = YES;
				CLANG_ENABLE_OBJC_ARC = YES;
				CLANG_WARN_BOOL_CONVERSION = YES;
				CLANG_WARN_CONSTANT_CONVERSION = YES;
				CLANG_WARN_DIRECT_OBJC_ISA_USAGE = YES_ERROR;
				CLANG_WARN_EMPTY_BODY = YES;
				CLANG_WARN_ENUM_CONVERSION = YES;
				CLANG_WARN_INT_CONVERSION = YES;
				CLANG_WARN_OBJC_ROOT_CLASS = YES_ERROR;
				CLANG_WARN_UNREACHABLE_CODE = YES;
				CLANG_WARN__DUPLICATE_METHOD_MATCH = YES;
				"CODE_SIGN_IDENTITY[sdk=iphoneos*]" = "iPhone Developer";
				COPY_PHASE_STRIP = NO;
				DEBUG_INFORMATION_FORMAT = "dwarf-with-dsym";
				ENABLE_NS_ASSERTIONS = NO;
				ENABLE_STRICT_OBJC_MSGSEND = YES;
				GCC_C_LANGUAGE_STANDARD = gnu99;
				GCC_NO_COMMON_BLOCKS = YES;
				GCC_WARN_64_TO_32_BIT_CONVERSION = YES;
				GCC_WARN_ABOUT_RETURN_TYPE = YES_ERROR;
				GCC_WARN_UNDECLARED_SELECTOR = YES;
				GCC_WARN_UNINITIALIZED_AUTOS = YES_AGGRESSIVE;
				GCC_WARN_UNUSED_FUNCTION = YES;
				GCC_WARN_UNUSED_VARIABLE = YES;
				IPHONEOS_DEPLOYMENT_TARGET = 9.2;
				MTL_ENABLE_DEBUG_INFO = NO;
				SDKROOT = iphoneos;
				VALIDATE_PRODUCT = YES;
			};
			name = Release;
		};
		01BD27F01C1E7A0E00278776 /* Debug */ = {
			isa = XCBuildConfiguration;
			buildSettings = {
				ASSETCATALOG_COMPILER_APPICON_NAME = AppIcon;
				INFOPLIST_FILE = juegodememoria/Info.plist;
				LD_RUNPATH_SEARCH_PATHS = "$(inherited) @executable_path/Frameworks";
				PRODUCT_BUNDLE_IDENTIFIER = "C-vector.juegodememoria";
				PRODUCT_NAME = "$(TARGET_NAME)";
			};
			name = Debug;
		};
		01BD27F11C1E7A0E00278776 /* Release */ = {
			isa = XCBuildConfiguration;
			buildSettings = {
				ASSETCATALOG_COMPILER_APPICON_NAME = AppIcon;
				INFOPLIST_FILE = juegodememoria/Info.plist;
				LD_RUNPATH_SEARCH_PATHS = "$(inherited) @executable_path/Frameworks";
				PRODUCT_BUNDLE_IDENTIFIER = "C-vector.juegodememoria";
				PRODUCT_NAME = "$(TARGET_NAME)";
			};
			name = Release;
		};
/* End XCBuildConfiguration section */

/* Begin XCConfigurationList section */
		01BD27D81C1E7A0E00278776 /* Build configuration list for PBXProject "juegodememoria" */ = {
			isa = XCConfigurationList;
			buildConfigurations = (
				01BD27ED1C1E7A0E00278776 /* Debug */,
				01BD27EE1C1E7A0E00278776 /* Release */,
			);
			defaultConfigurationIsVisible = 0;
			defaultConfigurationName = Release;
		};
		01BD27EF1C1E7A0E00278776 /* Build configuration list for PBXNativeTarget "juegodememoria" */ = {
			isa = XCConfigurationList;
			buildConfigurations = (
				01BD27F01C1E7A0E00278776 /* Debug */,
				01BD27F11C1E7A0E00278776 /* Release */,
			);
			defaultConfigurationIsVisible = 0;
		};
/* End XCConfigurationList section */
	};
	rootObject = 01BD27D51C1E7A0E00278776 /* Project object */;
}
